// !$*UTF8*$!
{
	archiveVersion = 1;
	classes = {
	};
	objectVersion = 77;
	objects = {

/* Begin PBXContainerItemProxy section */
		897964372D54848F003129C4 /* PBXContainerItemProxy */ = {
			isa = PBXContainerItemProxy;
			containerPortal = 897964182D54848D003129C4 /* Project object */;
			proxyType = 1;
			remoteGlobalIDString = 8979641F2D54848D003129C4;
			remoteInfo = AppLifeCycleUIKit;
		};
		897964412D54848F003129C4 /* PBXContainerItemProxy */ = {
			isa = PBXContainerItemProxy;
			containerPortal = 897964182D54848D003129C4 /* Project object */;
			proxyType = 1;
			remoteGlobalIDString = 8979641F2D54848D003129C4;
			remoteInfo = AppLifeCycleUIKit;
		};
/* End PBXContainerItemProxy section */

/* Begin PBXFileReference section */
		897964202D54848E003129C4 /* AppLifeCycleUIKit.app */ = {isa = PBXFileReference; explicitFileType = wrapper.application; includeInIndex = 0; path = AppLifeCycleUIKit.app; sourceTree = BUILT_PRODUCTS_DIR; };
		897964362D54848F003129C4 /* AppLifeCycleUIKitTests.xctest */ = {isa = PBXFileReference; explicitFileType = wrapper.cfbundle; includeInIndex = 0; path = AppLifeCycleUIKitTests.xctest; sourceTree = BUILT_PRODUCTS_DIR; };
		897964402D54848F003129C4 /* AppLifeCycleUIKitUITests.xctest */ = {isa = PBXFileReference; explicitFileType = wrapper.cfbundle; includeInIndex = 0; path = AppLifeCycleUIKitUITests.xctest; sourceTree = BUILT_PRODUCTS_DIR; };
/* End PBXFileReference section */

/* Begin PBXFileSystemSynchronizedBuildFileExceptionSet section */
		897964482D54848F003129C4 /* Exceptions for "AppLifeCycleUIKit" folder in "AppLifeCycleUIKit" target */ = {
			isa = PBXFileSystemSynchronizedBuildFileExceptionSet;
			membershipExceptions = (
				Info.plist,
			);
			target = 8979641F2D54848D003129C4 /* AppLifeCycleUIKit */;
		};
/* End PBXFileSystemSynchronizedBuildFileExceptionSet section */

/* Begin PBXFileSystemSynchronizedRootGroup section */
		897964222D54848E003129C4 /* AppLifeCycleUIKit */ = {
			isa = PBXFileSystemSynchronizedRootGroup;
			exceptions = (
				897964482D54848F003129C4 /* Exceptions for "AppLifeCycleUIKit" folder in "AppLifeCycleUIKit" target */,
			);
			path = AppLifeCycleUIKit;
			sourceTree = "<group>";
		};
		897964392D54848F003129C4 /* AppLifeCycleUIKitTests */ = {
			isa = PBXFileSystemSynchronizedRootGroup;
			path = AppLifeCycleUIKitTests;
			sourceTree = "<group>";
		};
		897964432D54848F003129C4 /* AppLifeCycleUIKitUITests */ = {
			isa = PBXFileSystemSynchronizedRootGroup;
			path = AppLifeCycleUIKitUITests;
			sourceTree = "<group>";
		};
/* End PBXFileSystemSynchronizedRootGroup section */

/* Begin PBXFrameworksBuildPhase section */
		8979641D2D54848D003129C4 /* Frameworks */ = {
			isa = PBXFrameworksBuildPhase;
			buildActionMask = 2147483647;
			files = (
			);
			runOnlyForDeploymentPostprocessing = 0;
		};
		897964332D54848F003129C4 /* Frameworks */ = {
			isa = PBXFrameworksBuildPhase;
			buildActionMask = 2147483647;
			files = (
			);
			runOnlyForDeploymentPostprocessing = 0;
		};
		8979643D2D54848F003129C4 /* Frameworks */ = {
			isa = PBXFrameworksBuildPhase;
			buildActionMask = 2147483647;
			files = (
			);
			runOnlyForDeploymentPostprocessing = 0;
		};
/* End PBXFrameworksBuildPhase section */

/* Begin PBXGroup section */
		897964172D54848D003129C4 = {
			isa = PBXGroup;
			children = (
				897964222D54848E003129C4 /* AppLifeCycleUIKit */,
				897964392D54848F003129C4 /* AppLifeCycleUIKitTests */,
				897964432D54848F003129C4 /* AppLifeCycleUIKitUITests */,
				897964212D54848E003129C4 /* Products */,
			);
			sourceTree = "<group>";
		};
		897964212D54848E003129C4 /* Products */ = {
			isa = PBXGroup;
			children = (
				897964202D54848E003129C4 /* AppLifeCycleUIKit.app */,
				897964362D54848F003129C4 /* AppLifeCycleUIKitTests.xctest */,
				897964402D54848F003129C4 /* AppLifeCycleUIKitUITests.xctest */,
			);
			name = Products;
			sourceTree = "<group>";
		};
/* End PBXGroup section */

/* Begin PBXNativeTarget section */
		8979641F2D54848D003129C4 /* AppLifeCycleUIKit */ = {
			isa = PBXNativeTarget;
			buildConfigurationList = 897964492D54848F003129C4 /* Build configuration list for PBXNativeTarget "AppLifeCycleUIKit" */;
			buildPhases = (
				8979641C2D54848D003129C4 /* Sources */,
				8979641D2D54848D003129C4 /* Frameworks */,
				8979641E2D54848D003129C4 /* Resources */,
			);
			buildRules = (
			);
			dependencies = (
			);
			fileSystemSynchronizedGroups = (
				897964222D54848E003129C4 /* AppLifeCycleUIKit */,
			);
			name = AppLifeCycleUIKit;
			packageProductDependencies = (
			);
			productName = AppLifeCycleUIKit;
			productReference = 897964202D54848E003129C4 /* AppLifeCycleUIKit.app */;
			productType = "com.apple.product-type.application";
		};
		897964352D54848F003129C4 /* AppLifeCycleUIKitTests */ = {
			isa = PBXNativeTarget;
			buildConfigurationList = 8979644E2D54848F003129C4 /* Build configuration list for PBXNativeTarget "AppLifeCycleUIKitTests" */;
			buildPhases = (
				897964322D54848F003129C4 /* Sources */,
				897964332D54848F003129C4 /* Frameworks */,
				897964342D54848F003129C4 /* Resources */,
			);
			buildRules = (
			);
			dependencies = (
				897964382D54848F003129C4 /* PBXTargetDependency */,
			);
			fileSystemSynchronizedGroups = (
				897964392D54848F003129C4 /* AppLifeCycleUIKitTests */,
			);
			name = AppLifeCycleUIKitTests;
			packageProductDependencies = (
			);
			productName = AppLifeCycleUIKitTests;
			productReference = 897964362D54848F003129C4 /* AppLifeCycleUIKitTests.xctest */;
			productType = "com.apple.product-type.bundle.unit-test";
		};
		8979643F2D54848F003129C4 /* AppLifeCycleUIKitUITests */ = {
			isa = PBXNativeTarget;
			buildConfigurationList = 897964512D54848F003129C4 /* Build configuration list for PBXNativeTarget "AppLifeCycleUIKitUITests" */;
			buildPhases = (
				8979643C2D54848F003129C4 /* Sources */,
				8979643D2D54848F003129C4 /* Frameworks */,
				8979643E2D54848F003129C4 /* Resources */,
			);
			buildRules = (
			);
			dependencies = (
				897964422D54848F003129C4 /* PBXTargetDependency */,
			);
			fileSystemSynchronizedGroups = (
				897964432D54848F003129C4 /* AppLifeCycleUIKitUITests */,
			);
			name = AppLifeCycleUIKitUITests;
			packageProductDependencies = (
			);
			productName = AppLifeCycleUIKitUITests;
			productReference = 897964402D54848F003129C4 /* AppLifeCycleUIKitUITests.xctest */;
			productType = "com.apple.product-type.bundle.ui-testing";
		};
/* End PBXNativeTarget section */

/* Begin PBXProject section */
		897964182D54848D003129C4 /* Project object */ = {
			isa = PBXProject;
			attributes = {
				BuildIndependentTargetsInParallel = 1;
				LastSwiftUpdateCheck = 1620;
				LastUpgradeCheck = 1620;
				TargetAttributes = {
					8979641F2D54848D003129C4 = {
						CreatedOnToolsVersion = 16.2;
					};
					897964352D54848F003129C4 = {
						CreatedOnToolsVersion = 16.2;
						TestTargetID = 8979641F2D54848D003129C4;
					};
					8979643F2D54848F003129C4 = {
						CreatedOnToolsVersion = 16.2;
						TestTargetID = 8979641F2D54848D003129C4;
					};
				};
			};
			buildConfigurationList = 8979641B2D54848D003129C4 /* Build configuration list for PBXProject "AppLifeCycleUIKit" */;
			developmentRegion = en;
			hasScannedForEncodings = 0;
			knownRegions = (
				en,
				Base,
			);
			mainGroup = 897964172D54848D003129C4;
			minimizedProjectReferenceProxies = 1;
			preferredProjectObjectVersion = 77;
			productRefGroup = 897964212D54848E003129C4 /* Products */;
			projectDirPath = "";
			projectRoot = "";
			targets = (
				8979641F2D54848D003129C4 /* AppLifeCycleUIKit */,
				897964352D54848F003129C4 /* AppLifeCycleUIKitTests */,
				8979643F2D54848F003129C4 /* AppLifeCycleUIKitUITests */,
			);
		};
/* End PBXProject section */

/* Begin PBXResourcesBuildPhase section */
		8979641E2D54848D003129C4 /* Resources */ = {
			isa = PBXResourcesBuildPhase;
			buildActionMask = 2147483647;
			files = (
			);
			runOnlyForDeploymentPostprocessing = 0;
		};
		897964342D54848F003129C4 /* Resources */ = {
			isa = PBXResourcesBuildPhase;
			buildActionMask = 2147483647;
			files = (
			);
			runOnlyForDeploymentPostprocessing = 0;
		};
		8979643E2D54848F003129C4 /* Resources */ = {
			isa = PBXResourcesBuildPhase;
			buildActionMask = 2147483647;
			files = (
			);
			runOnlyForDeploymentPostprocessing = 0;
		};
/* End PBXResourcesBuildPhase section */

/* Begin PBXSourcesBuildPhase section */
		8979641C2D54848D003129C4 /* Sources */ = {
			isa = PBXSourcesBuildPhase;
			buildActionMask = 2147483647;
			files = (
			);
			runOnlyForDeploymentPostprocessing = 0;
		};
		897964322D54848F003129C4 /* Sources */ = {
			isa = PBXSourcesBuildPhase;
			buildActionMask = 2147483647;
			files = (
			);
			runOnlyForDeploymentPostprocessing = 0;
		};
		8979643C2D54848F003129C4 /* Sources */ = {
			isa = PBXSourcesBuildPhase;
			buildActionMask = 2147483647;
			files = (
			);
			runOnlyForDeploymentPostprocessing = 0;
		};
/* End PBXSourcesBuildPhase section */

/* Begin PBXTargetDependency section */
		897964382D54848F003129C4 /* PBXTargetDependency */ = {
			isa = PBXTargetDependency;
			target = 8979641F2D54848D003129C4 /* AppLifeCycleUIKit */;
			targetProxy = 897964372D54848F003129C4 /* PBXContainerItemProxy */;
		};
		897964422D54848F003129C4 /* PBXTargetDependency */ = {
			isa = PBXTargetDependency;
			target = 8979641F2D54848D003129C4 /* AppLifeCycleUIKit */;
			targetProxy = 897964412D54848F003129C4 /* PBXContainerItemProxy */;
		};
/* End PBXTargetDependency section */

/* Begin XCBuildConfiguration section */
		8979644A2D54848F003129C4 /* Debug */ = {
			isa = XCBuildConfiguration;
			buildSettings = {
				ASSETCATALOG_COMPILER_APPICON_NAME = AppIcon;
				ASSETCATALOG_COMPILER_GLOBAL_ACCENT_COLOR_NAME = AccentColor;
				CODE_SIGN_STYLE = Automatic;
				CURRENT_PROJECT_VERSION = 1;
				GENERATE_INFOPLIST_FILE = YES;
				INFOPLIST_FILE = AppLifeCycleUIKit/Info.plist;
				INFOPLIST_KEY_UIApplicationSupportsIndirectInputEvents = YES;
				INFOPLIST_KEY_UILaunchStoryboardName = LaunchScreen;
				INFOPLIST_KEY_UIMainStoryboardFile = Main;
				INFOPLIST_KEY_UISupportedInterfaceOrientations_iPad = "UIInterfaceOrientationPortrait UIInterfaceOrientationPortraitUpsideDown UIInterfaceOrientationLandscapeLeft UIInterfaceOrientationLandscapeRight";
				INFOPLIST_KEY_UISupportedInterfaceOrientations_iPhone = "UIInterfaceOrientationPortrait UIInterfaceOrientationLandscapeLeft UIInterfaceOrientationLandscapeRight";
				LD_RUNPATH_SEARCH_PATHS = (
					"$(inherited)",
					"@executable_path/Frameworks",
				);
				MARKETING_VERSION = 1.0;
				PRODUCT_BUNDLE_IDENTIFIER = com.makelifesimple.AppLifeCycleUIKit;
				PRODUCT_NAME = "$(TARGET_NAME)";
				SWIFT_EMIT_LOC_STRINGS = YES;
				SWIFT_VERSION = 5.0;
				TARGETED_DEVICE_FAMILY = "1,2";
			};
			name = Debug;
		};
		8979644B2D54848F003129C4 /* Release */ = {
			isa = XCBuildConfiguration;
			buildSettings = {
				ASSETCATALOG_COMPILER_APPICON_NAME = AppIcon;
				ASSETCATALOG_COMPILER_GLOBAL_ACCENT_COLOR_NAME = AccentColor;
				CODE_SIGN_STYLE = Automatic;
				CURRENT_PROJECT_VERSION = 1;
				GENERATE_INFOPLIST_FILE = YES;
				INFOPLIST_FILE = AppLifeCycleUIKit/Info.plist;
				INFOPLIST_KEY_UIApplicationSupportsIndirectInputEvents = YES;
				INFOPLIST_KEY_UILaunchStoryboardName = LaunchScreen;
				INFOPLIST_KEY_UIMainStoryboardFile = Main;
				INFOPLIST_KEY_UISupportedInterfaceOrientations_iPad = "UIInterfaceOrientationPortrait UIInterfaceOrientationPortraitUpsideDown UIInterfaceOrientationLandscapeLeft UIInterfaceOrientationLandscapeRight";
				INFOPLIST_KEY_UISupportedInterfaceOrientations_iPhone = "UIInterfaceOrientationPortrait UIInterfaceOrientationLandscapeLeft UIInterfaceOrientationLandscapeRight";
				LD_RUNPATH_SEARCH_PATHS = (
					"$(inherited)",
					"@executable_path/Frameworks",
				);
				MARKETING_VERSION = 1.0;
				PRODUCT_BUNDLE_IDENTIFIER = com.makelifesimple.AppLifeCycleUIKit;
				PRODUCT_NAME = "$(TARGET_NAME)";
				SWIFT_EMIT_LOC_STRINGS = YES;
				SWIFT_VERSION = 5.0;
				TARGETED_DEVICE_FAMILY = "1,2";
			};
			name = Release;
		};
		8979644C2D54848F003129C4 /* Debug */ = {
			isa = XCBuildConfiguration;
			buildSettings = {
				ALWAYS_SEARCH_USER_PATHS = NO;
				ASSETCATALOG_COMPILER_GENERATE_SWIFT_ASSET_SYMBOL_EXTENSIONS = YES;
				CLANG_ANALYZER_NONNULL = YES;
				CLANG_ANALYZER_NUMBER_OBJECT_CONVERSION = YES_AGGRESSIVE;
				CLANG_CXX_LANGUAGE_STANDARD = "gnu++20";
				CLANG_ENABLE_MODULES = YES;
				CLANG_ENABLE_OBJC_ARC = YES;
				CLANG_ENABLE_OBJC_WEAK = YES;
				CLANG_WARN_BLOCK_CAPTURE_AUTORELEASING = YES;
				CLANG_WARN_BOOL_CONVERSION = YES;
				CLANG_WARN_COMMA = YES;
				CLANG_WARN_CONSTANT_CONVERSION = YES;
				CLANG_WARN_DEPRECATED_OBJC_IMPLEMENTATIONS = YES;
				CLANG_WARN_DIRECT_OBJC_ISA_USAGE = YES_ERROR;
				CLANG_WARN_DOCUMENTATION_COMMENTS = YES;
				CLANG_WARN_EMPTY_BODY = YES;
				CLANG_WARN_ENUM_CONVERSION = YES;
				CLANG_WARN_INFINITE_RECURSION = YES;
				CLANG_WARN_INT_CONVERSION = YES;
				CLANG_WARN_NON_LITERAL_NULL_CONVERSION = YES;
				CLANG_WARN_OBJC_IMPLICIT_RETAIN_SELF = YES;
				CLANG_WARN_OBJC_LITERAL_CONVERSION = YES;
				CLANG_WARN_OBJC_ROOT_CLASS = YES_ERROR;
				CLANG_WARN_QUOTED_INCLUDE_IN_FRAMEWORK_HEADER = YES;
				CLANG_WARN_RANGE_LOOP_ANALYSIS = YES;
				CLANG_WARN_STRICT_PROTOTYPES = YES;
				CLANG_WARN_SUSPICIOUS_MOVE = YES;
				CLANG_WARN_UNGUARDED_AVAILABILITY = YES_AGGRESSIVE;
				CLANG_WARN_UNREACHABLE_CODE = YES;
				CLANG_WARN__DUPLICATE_METHOD_MATCH = YES;
				COPY_PHASE_STRIP = NO;
				DEBUG_INFORMATION_FORMAT = dwarf;
				ENABLE_STRICT_OBJC_MSGSEND = YES;
				ENABLE_TESTABILITY = YES;
				ENABLE_USER_SCRIPT_SANDBOXING = YES;
				GCC_C_LANGUAGE_STANDARD = gnu17;
				GCC_DYNAMIC_NO_PIC = NO;
				GCC_NO_COMMON_BLOCKS = YES;
				GCC_OPTIMIZATION_LEVEL = 0;
				GCC_PREPROCESSOR_DEFINITIONS = (
					"DEBUG=1",
					"$(inherited)",
				);
				GCC_WARN_64_TO_32_BIT_CONVERSION = YES;
				GCC_WARN_ABOUT_RETURN_TYPE = YES_ERROR;
				GCC_WARN_UNDECLARED_SELECTOR = YES;
				GCC_WARN_UNINITIALIZED_AUTOS = YES_AGGRESSIVE;
				GCC_WARN_UNUSED_FUNCTION = YES;
				GCC_WARN_UNUSED_VARIABLE = YES;
				IPHONEOS_DEPLOYMENT_TARGET = 18.2;
				LOCALIZATION_PREFERS_STRING_CATALOGS = YES;
				MTL_ENABLE_DEBUG_INFO = INCLUDE_SOURCE;
				MTL_FAST_MATH = YES;
				ONLY_ACTIVE_ARCH = YES;
				SDKROOT = iphoneos;
				SWIFT_ACTIVE_COMPILATION_CONDITIONS = "DEBUG $(inherited)";
				SWIFT_OPTIMIZATION_LEVEL = "-Onone";
			};
			name = Debug;
		};
		8979644D2D54848F003129C4 /* Release */ = {
			isa = XCBuildConfiguration;
			buildSettings = {
				ALWAYS_SEARCH_USER_PATHS = NO;
				ASSETCATALOG_COMPILER_GENERATE_SWIFT_ASSET_SYMBOL_EXTENSIONS = YES;
				CLANG_ANALYZER_NONNULL = YES;
				CLANG_ANALYZER_NUMBER_OBJECT_CONVERSION = YES_AGGRESSIVE;
				CLANG_CXX_LANGUAGE_STANDARD = "gnu++20";
				CLANG_ENABLE_MODULES = YES;
				CLANG_ENABLE_OBJC_ARC = YES;
				CLANG_ENABLE_OBJC_WEAK = YES;
				CLANG_WARN_BLOCK_CAPTURE_AUTORELEASING = YES;
				CLANG_WARN_BOOL_CONVERSION = YES;
				CLANG_WARN_COMMA = YES;
				CLANG_WARN_CONSTANT_CONVERSION = YES;
				CLANG_WARN_DEPRECATED_OBJC_IMPLEMENTATIONS = YES;
				CLANG_WARN_DIRECT_OBJC_ISA_USAGE = YES_ERROR;
				CLANG_WARN_DOCUMENTATION_COMMENTS = YES;
				CLANG_WARN_EMPTY_BODY = YES;
				CLANG_WARN_ENUM_CONVERSION = YES;
				CLANG_WARN_INFINITE_RECURSION = YES;
				CLANG_WARN_INT_CONVERSION = YES;
				CLANG_WARN_NON_LITERAL_NULL_CONVERSION = YES;
				CLANG_WARN_OBJC_IMPLICIT_RETAIN_SELF = YES;
				CLANG_WARN_OBJC_LITERAL_CONVERSION = YES;
				CLANG_WARN_OBJC_ROOT_CLASS = YES_ERROR;
				CLANG_WARN_QUOTED_INCLUDE_IN_FRAMEWORK_HEADER = YES;
				CLANG_WARN_RANGE_LOOP_ANALYSIS = YES;
				CLANG_WARN_STRICT_PROTOTYPES = YES;
				CLANG_WARN_SUSPICIOUS_MOVE = YES;
				CLANG_WARN_UNGUARDED_AVAILABILITY = YES_AGGRESSIVE;
				CLANG_WARN_UNREACHABLE_CODE = YES;
				CLANG_WARN__DUPLICATE_METHOD_MATCH = YES;
				COPY_PHASE_STRIP = NO;
				DEBUG_INFORMATION_FORMAT = "dwarf-with-dsym";
				ENABLE_NS_ASSERTIONS = NO;
				ENABLE_STRICT_OBJC_MSGSEND = YES;
				ENABLE_USER_SCRIPT_SANDBOXING = YES;
				GCC_C_LANGUAGE_STANDARD = gnu17;
				GCC_NO_COMMON_BLOCKS = YES;
				GCC_WARN_64_TO_32_BIT_CONVERSION = YES;
				GCC_WARN_ABOUT_RETURN_TYPE = YES_ERROR;
				GCC_WARN_UNDECLARED_SELECTOR = YES;
				GCC_WARN_UNINITIALIZED_AUTOS = YES_AGGRESSIVE;
				GCC_WARN_UNUSED_FUNCTION = YES;
				GCC_WARN_UNUSED_VARIABLE = YES;
				IPHONEOS_DEPLOYMENT_TARGET = 18.2;
				LOCALIZATION_PREFERS_STRING_CATALOGS = YES;
				MTL_ENABLE_DEBUG_INFO = NO;
				MTL_FAST_MATH = YES;
				SDKROOT = iphoneos;
				SWIFT_COMPILATION_MODE = wholemodule;
				VALIDATE_PRODUCT = YES;
			};
			name = Release;
		};
		8979644F2D54848F003129C4 /* Debug */ = {
			isa = XCBuildConfiguration;
			buildSettings = {
				BUNDLE_LOADER = "$(TEST_HOST)";
				CODE_SIGN_STYLE = Automatic;
				CURRENT_PROJECT_VERSION = 1;
				GENERATE_INFOPLIST_FILE = YES;
				IPHONEOS_DEPLOYMENT_TARGET = 18.2;
				MARKETING_VERSION = 1.0;
				PRODUCT_BUNDLE_IDENTIFIER = com.makelifesimple.AppLifeCycleUIKitTests;
				PRODUCT_NAME = "$(TARGET_NAME)";
				SWIFT_EMIT_LOC_STRINGS = NO;
				SWIFT_VERSION = 5.0;
				TARGETED_DEVICE_FAMILY = "1,2";
				TEST_HOST = "$(BUILT_PRODUCTS_DIR)/AppLifeCycleUIKit.app/$(BUNDLE_EXECUTABLE_FOLDER_PATH)/AppLifeCycleUIKit";
			};
			name = Debug;
		};
		897964502D54848F003129C4 /* Release */ = {
			isa = XCBuildConfiguration;
			buildSettings = {
				BUNDLE_LOADER = "$(TEST_HOST)";
				CODE_SIGN_STYLE = Automatic;
				CURRENT_PROJECT_VERSION = 1;
				GENERATE_INFOPLIST_FILE = YES;
				IPHONEOS_DEPLOYMENT_TARGET = 18.2;
				MARKETING_VERSION = 1.0;
				PRODUCT_BUNDLE_IDENTIFIER = com.makelifesimple.AppLifeCycleUIKitTests;
				PRODUCT_NAME = "$(TARGET_NAME)";
				SWIFT_EMIT_LOC_STRINGS = NO;
				SWIFT_VERSION = 5.0;
				TARGETED_DEVICE_FAMILY = "1,2";
				TEST_HOST = "$(BUILT_PRODUCTS_DIR)/AppLifeCycleUIKit.app/$(BUNDLE_EXECUTABLE_FOLDER_PATH)/AppLifeCycleUIKit";
			};
			name = Release;
		};
		897964522D54848F003129C4 /* Debug */ = {
			isa = XCBuildConfiguration;
			buildSettings = {
				CODE_SIGN_STYLE = Automatic;
				CURRENT_PROJECT_VERSION = 1;
				GENERATE_INFOPLIST_FILE = YES;
				MARKETING_VERSION = 1.0;
				PRODUCT_BUNDLE_IDENTIFIER = com.makelifesimple.AppLifeCycleUIKitUITests;
				PRODUCT_NAME = "$(TARGET_NAME)";
				SWIFT_EMIT_LOC_STRINGS = NO;
				SWIFT_VERSION = 5.0;
				TARGETED_DEVICE_FAMILY = "1,2";
				TEST_TARGET_NAME = AppLifeCycleUIKit;
			};
			name = Debug;
		};
		897964532D54848F003129C4 /* Release */ = {
			isa = XCBuildConfiguration;
			buildSettings = {
				CODE_SIGN_STYLE = Automatic;
				CURRENT_PROJECT_VERSION = 1;
				GENERATE_INFOPLIST_FILE = YES;
				MARKETING_VERSION = 1.0;
				PRODUCT_BUNDLE_IDENTIFIER = com.makelifesimple.AppLifeCycleUIKitUITests;
				PRODUCT_NAME = "$(TARGET_NAME)";
				SWIFT_EMIT_LOC_STRINGS = NO;
				SWIFT_VERSION = 5.0;
				TARGETED_DEVICE_FAMILY = "1,2";
				TEST_TARGET_NAME = AppLifeCycleUIKit;
			};
			name = Release;
		};
/* End XCBuildConfiguration section */

/* Begin XCConfigurationList section */
		8979641B2D54848D003129C4 /* Build configuration list for PBXProject "AppLifeCycleUIKit" */ = {
			isa = XCConfigurationList;
			buildConfigurations = (
				8979644C2D54848F003129C4 /* Debug */,
				8979644D2D54848F003129C4 /* Release */,
			);
			defaultConfigurationIsVisible = 0;
			defaultConfigurationName = Release;
		};
		897964492D54848F003129C4 /* Build configuration list for PBXNativeTarget "AppLifeCycleUIKit" */ = {
			isa = XCConfigurationList;
			buildConfigurations = (
				8979644A2D54848F003129C4 /* Debug */,
				8979644B2D54848F003129C4 /* Release */,
			);
			defaultConfigurationIsVisible = 0;
			defaultConfigurationName = Release;
		};
		8979644E2D54848F003129C4 /* Build configuration list for PBXNativeTarget "AppLifeCycleUIKitTests" */ = {
			isa = XCConfigurationList;
			buildConfigurations = (
				8979644F2D54848F003129C4 /* Debug */,
				897964502D54848F003129C4 /* Release */,
			);
			defaultConfigurationIsVisible = 0;
			defaultConfigurationName = Release;
		};
		897964512D54848F003129C4 /* Build configuration list for PBXNativeTarget "AppLifeCycleUIKitUITests" */ = {
			isa = XCConfigurationList;
			buildConfigurations = (
				897964522D54848F003129C4 /* Debug */,
				897964532D54848F003129C4 /* Release */,
			);
			defaultConfigurationIsVisible = 0;
			defaultConfigurationName = Release;
		};
/* End XCConfigurationList section */
	};
	rootObject = 897964182D54848D003129C4 /* Project object */;
}
